
Microsoft Visual Studio Solution File, Format Version 12.00
# Visual Studio 15
VisualStudioVersion = 15.0.28307.757
MinimumVisualStudioVersion = 10.0.40219.1
Project("{FAE04EC0-301F-11D3-BF4B-00C04F79EFBC}") = "Senai.Peoples.WebApi", "Senai.Peoples.WebApi\Senai.Peoples.WebApi.csproj", "{FD3A393D-16A6-4FB6-A6A9-08CC1A64EA33}"
EndProject
Global
	GlobalSection(SolutionConfigurationPlatforms) = preSolution
		Debug|Any CPU = Debug|Any CPU
		Release|Any CPU = Release|Any CPU
	EndGlobalSection
	GlobalSection(ProjectConfigurationPlatforms) = postSolution
		{FD3A393D-16A6-4FB6-A6A9-08CC1A64EA33}.Debug|Any CPU.ActiveCfg = Debug|Any CPU
		{FD3A393D-16A6-4FB6-A6A9-08CC1A64EA33}.Debug|Any CPU.Build.0 = Debug|Any CPU
		{FD3A393D-16A6-4FB6-A6A9-08CC1A64EA33}.Release|Any CPU.ActiveCfg = Release|Any CPU
		{FD3A393D-16A6-4FB6-A6A9-08CC1A64EA33}.Release|Any CPU.Build.0 = Release|Any CPU
	EndGlobalSection
	GlobalSection(SolutionProperties) = preSolution
		HideSolutionNode = FALSE
	EndGlobalSection
	GlobalSection(ExtensibilityGlobals) = postSolution
		SolutionGuid = {433D2A87-1721-4623-8DEA-EEA8C970A63D}
	EndGlobalSection
EndGlobal
